
Microsoft Visual Studio Solution File, Format Version 12.00
# Visual Studio Version 16
VisualStudioVersion = 16.0.32106.194
MinimumVisualStudioVersion = 10.0.40219.1
Project("{8BC9CEB8-8B4A-11D0-8D11-00A0C91BC942}") = "task1", "task1\task1.vcxproj", "{061DBA6C-4C26-42CB-B7C0-88FC574465D9}"
EndProject
Project("{8BC9CEB8-8B4A-11D0-8D11-00A0C91BC942}") = "task2", "task2\task2.vcxproj", "{8C3798FD-0516-492F-9FC8-0621BDC55CF4}"
EndProject
Global
	GlobalSection(SolutionConfigurationPlatforms) = preSolution
		Debug|x64 = Debug|x64
		Debug|x86 = Debug|x86
		Release|x64 = Release|x64
		Release|x86 = Release|x86
	EndGlobalSection
	GlobalSection(ProjectConfigurationPlatforms) = postSolution
		{061DBA6C-4C26-42CB-B7C0-88FC574465D9}.Debug|x64.ActiveCfg = Debug|x64
		{061DBA6C-4C26-42CB-B7C0-88FC574465D9}.Debug|x64.Build.0 = Debug|x64
		{061DBA6C-4C26-42CB-B7C0-88FC574465D9}.Debug|x86.ActiveCfg = Debug|Win32
		{061DBA6C-4C26-42CB-B7C0-88FC574465D9}.Debug|x86.Build.0 = Debug|Win32
		{061DBA6C-4C26-42CB-B7C0-88FC574465D9}.Release|x64.ActiveCfg = Release|x64
		{061DBA6C-4C26-42CB-B7C0-88FC574465D9}.Release|x64.Build.0 = Release|x64
		{061DBA6C-4C26-42CB-B7C0-88FC574465D9}.Release|x86.ActiveCfg = Release|Win32
		{061DBA6C-4C26-42CB-B7C0-88FC574465D9}.Release|x86.Build.0 = Release|Win32
		{8C3798FD-0516-492F-9FC8-0621BDC55CF4}.Debug|x64.ActiveCfg = Debug|x64
		{8C3798FD-0516-492F-9FC8-0621BDC55CF4}.Debug|x64.Build.0 = Debug|x64
		{8C3798FD-0516-492F-9FC8-0621BDC55CF4}.Debug|x86.ActiveCfg = Debug|Win32
		{8C3798FD-0516-492F-9FC8-0621BDC55CF4}.Debug|x86.Build.0 = Debug|Win32
		{8C3798FD-0516-492F-9FC8-0621BDC55CF4}.Release|x64.ActiveCfg = Release|x64
		{8C3798FD-0516-492F-9FC8-0621BDC55CF4}.Release|x64.Build.0 = Release|x64
		{8C3798FD-0516-492F-9FC8-0621BDC55CF4}.Release|x86.ActiveCfg = Release|Win32
		{8C3798FD-0516-492F-9FC8-0621BDC55CF4}.Release|x86.Build.0 = Release|Win32
	EndGlobalSection
	GlobalSection(SolutionProperties) = preSolution
		HideSolutionNode = FALSE
	EndGlobalSection
	GlobalSection(ExtensibilityGlobals) = postSolution
		SolutionGuid = {74179E3B-2CC7-4D84-AD0D-1BF5303FA86E}
	EndGlobalSection
EndGlobal
